
Microsoft Visual Studio Solution File, Format Version 12.00
# Visual Studio Version 16
VisualStudioVersion = 16.0.30319.14
MinimumVisualStudioVersion = 10.0.40219.1
Project("{8BC9CEB8-8B4A-11D0-8D11-00A0C91BC942}") = "LightEngine", "LightEngine\LightEngine.vcxproj", "{4EA74FB2-BF87-4C95-A3B7-38C63816D46D}"
	ProjectSection(ProjectDependencies) = postProject
	EndProjectSection
EndProject
Project("{8BC9CEB8-8B4A-11D0-8D11-00A0C91BC942}") = "2DSandbox", "2DSandbox\2DSandbox.vcxproj", "{2E87B3FE-5D1A-4C72-9105-1DC5A0AA4983}"
	ProjectSection(ProjectDependencies) = postProject
	EndProjectSection
EndProject
Global
	GlobalSection(SolutionConfigurationPlatforms) = preSolution
		Debug|x64 = Debug|x64
		Release|x64 = Release|x64
		Debug|x64 = Debug|x64
		Release|x64 = Release|x64
	EndGlobalSection
	GlobalSection(ProjectConfigurationPlatforms) = postSolution
		{4EA74FB2-BF87-4C95-A3B7-38C63816D46D}.Debug|x64.ActiveCfg = Debug|x64
		{4EA74FB2-BF87-4C95-A3B7-38C63816D46D}.Debug|x64.Build.0 = Debug|x64
		{4EA74FB2-BF87-4C95-A3B7-38C63816D46D}.Release|x64.ActiveCfg = Release|x64
		{4EA74FB2-BF87-4C95-A3B7-38C63816D46D}.Release|x64.Build.0 = Release|x64
		{2E87B3FE-5D1A-4C72-9105-1DC5A0AA4983}.Debug|x64.ActiveCfg = Debug|x64
		{2E87B3FE-5D1A-4C72-9105-1DC5A0AA4983}.Debug|x64.Build.0 = Debug|x64
		{2E87B3FE-5D1A-4C72-9105-1DC5A0AA4983}.Release|x64.ActiveCfg = Release|x64
		{2E87B3FE-5D1A-4C72-9105-1DC5A0AA4983}.Release|x64.Build.0 = Release|x64
	EndGlobalSection
	GlobalSection(SolutionProperties) = preSolution
		HideSolutionNode = FALSE
	EndGlobalSection
	GlobalSection(NestedProjects) = preSolution
	EndGlobalSection
	GlobalSection(ExtensibilityGlobals) = postSolution
		SolutionGuid = {A55465A4-38EA-4F74-9461-03111AF56A19}
	EndGlobalSection
EndGlobal
