
Microsoft Visual Studio Solution File, Format Version 12.00
# Visual Studio Version 16
VisualStudioVersion = 16.0.30319.14
MinimumVisualStudioVersion = 10.0.40219.1
Project("{8BC9CEB8-8B4A-11D0-8D11-00A0C91BC942}") = "LightEngine", "LightEngine\LightEngine.vcxproj", "{4F6961D9-437C-4A07-8B7B-09B868B75421}"
	ProjectSection(ProjectDependencies) = postProject
	EndProjectSection
EndProject
Project("{8BC9CEB8-8B4A-11D0-8D11-00A0C91BC942}") = "2DSandbox", "2DSandbox\2DSandbox.vcxproj", "{92DF374B-3BC0-4DD5-8B2B-A4EDCEBE2A0B}"
	ProjectSection(ProjectDependencies) = postProject
	EndProjectSection
EndProject
Global
	GlobalSection(SolutionConfigurationPlatforms) = preSolution
		Debug|x64 = Debug|x64
		Release|x64 = Release|x64
		Debug|x64 = Debug|x64
		Release|x64 = Release|x64
	EndGlobalSection
	GlobalSection(ProjectConfigurationPlatforms) = postSolution
		{4F6961D9-437C-4A07-8B7B-09B868B75421}.Debug|x64.ActiveCfg = Debug|x64
		{4F6961D9-437C-4A07-8B7B-09B868B75421}.Debug|x64.Build.0 = Debug|x64
		{4F6961D9-437C-4A07-8B7B-09B868B75421}.Release|x64.ActiveCfg = Release|x64
		{4F6961D9-437C-4A07-8B7B-09B868B75421}.Release|x64.Build.0 = Release|x64
		{92DF374B-3BC0-4DD5-8B2B-A4EDCEBE2A0B}.Debug|x64.ActiveCfg = Debug|x64
		{92DF374B-3BC0-4DD5-8B2B-A4EDCEBE2A0B}.Debug|x64.Build.0 = Debug|x64
		{92DF374B-3BC0-4DD5-8B2B-A4EDCEBE2A0B}.Release|x64.ActiveCfg = Release|x64
		{92DF374B-3BC0-4DD5-8B2B-A4EDCEBE2A0B}.Release|x64.Build.0 = Release|x64
	EndGlobalSection
	GlobalSection(SolutionProperties) = preSolution
		HideSolutionNode = FALSE
	EndGlobalSection
	GlobalSection(NestedProjects) = preSolution
	EndGlobalSection
	GlobalSection(ExtensibilityGlobals) = postSolution
		SolutionGuid = {7419130B-8C96-4736-B528-2732070F3DD2}
	EndGlobalSection
EndGlobal
