<?xml version="1.0" encoding="UTF-8"?>
<Project xmlns="http://schemas.microsoft.com/developer/msbuild/2003" ToolsVersion="4.0">
    <ItemGroup>
        <Filter Include="header">
            <UniqueIdentifier>{E0703C4A-EEBC-4444-80B2-BEA8A829E51A}</UniqueIdentifier>
            <Extensions>h;hpp</Extensions>
        </Filter>
        <Filter Include="resource">
            <UniqueIdentifier>{C6BE7307-E44F-4499-83BB-2F37DE8C2A96}</UniqueIdentifier>
            <Extensions>hlsl;jpg;jpeg;png;wav;mp3;ico;dds;rc;obj</Extensions>
        </Filter>
        <Filter Include="source">
            <UniqueIdentifier>{1F461ED7-0EC2-4FA0-A61B-0B095E37B1C2}</UniqueIdentifier>
            <Extensions>cpp;c</Extensions>
        </Filter>
    </ItemGroup>
    <ItemGroup>
        <ClCompile Include="..\..\..\src\2DSandbox\main.cpp">
            <Filter>source</Filter>
        </ClCompile>
        <ClCompile Include="..\..\..\src\2DSandbox\pch.cpp">
            <Filter>source</Filter>
        </ClCompile>
        <ClInclude Include="..\..\..\src\2DSandbox\main.h">
            <Filter>header</Filter>
        </ClInclude>
        <ClInclude Include="..\..\..\src\2DSandbox\pch.h">
            <Filter>header</Filter>
        </ClInclude>
        <ClInclude Include="..\..\..\src\2DSandbox\resource.h">
            <Filter>header</Filter>
        </ClInclude>
        <None Include="..\..\..\src\2DSandbox\app.ico">
            <Filter>resource</Filter>
        </None>
        <None Include="..\..\..\src\2DSandbox\app.rc">
            <Filter>resource</Filter>
        </None>
        <None Include="..\..\..\src\2DSandbox\small.ico">
            <Filter>resource</Filter>
        </None>
    </ItemGroup>
</Project>
