<?xml version="1.0" encoding="UTF-8"?>
<Project xmlns="http://schemas.microsoft.com/developer/msbuild/2003" ToolsVersion="4.0">
    <ItemGroup>
        <Filter Include="header">
            <UniqueIdentifier>{BF4ADE28-0E7A-4AE1-A6AB-3874143CAF45}</UniqueIdentifier>
            <Extensions>h;hpp</Extensions>
        </Filter>
        <Filter Include="resource">
            <UniqueIdentifier>{AC3BECD8-3D4D-484A-9D58-604D6997D3AE}</UniqueIdentifier>
            <Extensions>hlsl;jpg;jpeg;png;wav;mp3;ico;dds;rc;obj</Extensions>
        </Filter>
        <Filter Include="source">
            <UniqueIdentifier>{73109A4E-FDE8-4853-800D-E77F8E720571}</UniqueIdentifier>
            <Extensions>cpp;c</Extensions>
        </Filter>
    </ItemGroup>
    <ItemGroup>
        <ClCompile Include="..\..\..\src\2DSandbox\main.cpp">
            <Filter>source</Filter>
        </ClCompile>
        <ClCompile Include="..\..\..\src\2DSandbox\pch.cpp">
            <Filter>source</Filter>
        </ClCompile>
        <ClInclude Include="..\..\..\src\2DSandbox\main.h">
            <Filter>header</Filter>
        </ClInclude>
        <ClInclude Include="..\..\..\src\2DSandbox\pch.h">
            <Filter>header</Filter>
        </ClInclude>
        <ClInclude Include="..\..\..\src\2DSandbox\resource.h">
            <Filter>header</Filter>
        </ClInclude>
        <None Include="..\..\..\src\2DSandbox\app.ico">
            <Filter>resource</Filter>
        </None>
        <None Include="..\..\..\src\2DSandbox\app.rc">
            <Filter>resource</Filter>
        </None>
        <None Include="..\..\..\src\2DSandbox\small.ico">
            <Filter>resource</Filter>
        </None>
    </ItemGroup>
</Project>
