<?xml version="1.0" encoding="UTF-8"?>
<Project xmlns="http://schemas.microsoft.com/developer/msbuild/2003" ToolsVersion="4.0">
    <ItemGroup>
        <Filter Include="header">
            <UniqueIdentifier>{0D470299-C83E-4DAD-B785-775B8D1EB37C}</UniqueIdentifier>
            <Extensions>h;hpp</Extensions>
        </Filter>
        <Filter Include="resource">
            <UniqueIdentifier>{506B9659-08F4-4E91-86F1-F49719910ECD}</UniqueIdentifier>
            <Extensions>hlsl;jpg;jpeg;png;wav;mp3;ico;dds;rc;obj</Extensions>
        </Filter>
        <Filter Include="source">
            <UniqueIdentifier>{0CC64ADA-2E5A-416C-9ECA-7B4F2544FF2A}</UniqueIdentifier>
            <Extensions>cpp;c</Extensions>
        </Filter>
    </ItemGroup>
    <ItemGroup>
        <ClCompile Include="..\..\..\src\LightEngine\Debug.cpp">
            <Filter>source</Filter>
        </ClCompile>
        <ClCompile Include="..\..\..\src\LightEngine\DummyEntity.cpp">
            <Filter>source</Filter>
        </ClCompile>
        <ClCompile Include="..\..\..\src\LightEngine\Entity.cpp">
            <Filter>source</Filter>
        </ClCompile>
        <ClCompile Include="..\..\..\src\LightEngine\GameManager.cpp">
            <Filter>source</Filter>
        </ClCompile>
        <ClCompile Include="..\..\..\src\LightEngine\main.cpp">
            <Filter>source</Filter>
        </ClCompile>
        <ClCompile Include="..\..\..\src\LightEngine\SampleScene.cpp">
            <Filter>source</Filter>
        </ClCompile>
        <ClCompile Include="..\..\..\src\LightEngine\Scene.cpp">
            <Filter>source</Filter>
        </ClCompile>
        <ClCompile Include="..\..\..\src\LightEngine\Utils.cpp">
            <Filter>source</Filter>
        </ClCompile>
        <ClInclude Include="..\..\..\src\LightEngine\Action.h">
            <Filter>header</Filter>
        </ClInclude>
        <ClInclude Include="..\..\..\src\LightEngine\Condition.h">
            <Filter>header</Filter>
        </ClInclude>
        <ClInclude Include="..\..\..\src\LightEngine\Debug.h">
            <Filter>header</Filter>
        </ClInclude>
        <ClInclude Include="..\..\..\src\LightEngine\DummyEntity.h">
            <Filter>header</Filter>
        </ClInclude>
        <ClInclude Include="..\..\..\src\LightEngine\Entity.h">
            <Filter>header</Filter>
        </ClInclude>
        <ClInclude Include="..\..\..\src\LightEngine\GameManager.h">
            <Filter>header</Filter>
        </ClInclude>
        <ClInclude Include="..\..\..\src\LightEngine\SampleScene.h">
            <Filter>header</Filter>
        </ClInclude>
        <ClInclude Include="..\..\..\src\LightEngine\Scene.h">
            <Filter>header</Filter>
        </ClInclude>
        <ClInclude Include="..\..\..\src\LightEngine\StateMachine.h">
            <Filter>header</Filter>
        </ClInclude>
        <ClInclude Include="..\..\..\src\LightEngine\Transition.h">
            <Filter>header</Filter>
        </ClInclude>
        <ClInclude Include="..\..\..\src\LightEngine\Utils.h">
            <Filter>header</Filter>
        </ClInclude>
    </ItemGroup>
</Project>
